{
  "name": "@cordisx/marketplace",
  "version": "0.1.0",
  "lockfileVersion": 3,
  "requires": true,
  "packages": {
    "": {
      "name": "@cordisx/marketplace",
      "version": "0.1.0",
      "devDependencies": {
        "ajv": "8.20.0",
        "ajv-formats": "3.0.1",
        "dprint": "0.57.1"
      },
      "engines": {
        "node": ">=22.19"
      }
    },
    "node_modules/@dprint/android-arm64": {
      "version": "0.57.1",
      "resolved": "https://registry.npmjs.org/@dprint/android-arm64/-/android-arm64-0.57.1.tgz",
      "integrity": "sha512-7Te1PWxMhkabwaOf7lJk30LINeGzoEo9ehYXIb1V/9fex+4vhOXTETKzZa9bxq66OWyriUx41CdEsxJ87eQacA==",
      "cpu": [
        "arm64"
      ],
      "dev": true,
      "license": "MIT",
      "optional": true,
      "os": [
        "android"
      ]
    },
    "node_modules/@dprint/android-x64": {
      "version": "0.57.1",
      "resolved": "https://registry.npmjs.org/@dprint/android-x64/-/android-x64-0.57.1.tgz",
      "integrity": "sha512-iVLMMwjNNcPg4JBt9nK2dq3D2SXqE9T8fzy0xlU3orgFYA4eR3WoFAiW/nlUekWwx0Kcnmzva1DOnjZuBLx7SA==",
      "cpu": [
        "x64"
      ],
      "dev": true,
      "license": "MIT",
      "optional": true,
      "os": [
        "android"
      ]
    },
    "node_modules/@dprint/darwin-arm64": {
      "version": "0.57.1",
      "resolved": "https://registry.npmjs.org/@dprint/darwin-arm64/-/darwin-arm64-0.57.1.tgz",
      "integrity": "sha512-r7bmUmF5XZR5YmTidsmF/Zy0YIab8Etp7EElIsCnTk7JLm+kWFxdzH9URn9xk/hCBL2AjrMAtlTzxN4zrGAP+A==",
      "cpu": [
        "arm64"
      ],
      "dev": true,
      "license": "MIT",
      "optional": true,
      "os": [
        "darwin"
      ]
    },
    "node_modules/@dprint/darwin-x64": {
      "version": "0.57.1",
      "resolved": "https://registry.npmjs.org/@dprint/darwin-x64/-/darwin-x64-0.57.1.tgz",
      "integrity": "sha512-DFc781ayZC3rjo2H9MKgWNdqfTXlHFb6yZvHluJfk0K8tunYfuongaRW03Iqz02TXweF8T8kicTy66KI51PQdw==",
      "cpu": [
        "x64"
      ],
      "dev": true,
      "license": "MIT",
      "optional": true,
      "os": [
        "darwin"
      ]
    },
    "node_modules/@dprint/linux-arm64-glibc": {
      "version": "0.57.1",
      "resolved": "https://registry.npmjs.org/@dprint/linux-arm64-glibc/-/linux-arm64-glibc-0.57.1.tgz",
      "integrity": "sha512-q/gJPtBFddV5p8tXvnGbBnuj1hxNsljyaYRouaHXx6jeEETHAX1B3Ei+sPPMA9fCzDl5LNeBwluYeKHELeaULg==",
      "cpu": [
        "arm64"
      ],
      "dev": true,
      "libc": [
        "glibc"
      ],
      "license": "MIT",
      "optional": true,
      "os": [
        "linux"
      ]
    },
    "node_modules/@dprint/linux-arm64-musl": {
      "version": "0.57.1",
      "resolved": "https://registry.npmjs.org/@dprint/linux-arm64-musl/-/linux-arm64-musl-0.57.1.tgz",
      "integrity": "sha512-d45SM0HPQYNsRqBVdWkOw8fZZ75DF/cEURrc5H1yy7ahSUNHIXGnXGlyGeeglF0GLnHfE82QvchnqmJqIh7GmA==",
      "cpu": [
        "arm64"
      ],
      "dev": true,
      "libc": [
        "musl"
      ],
      "license": "MIT",
      "optional": true,
      "os": [
        "linux"
      ]
    },
    "node_modules/@dprint/linux-loong64-glibc": {
      "version": "0.57.1",
      "resolved": "https://registry.npmjs.org/@dprint/linux-loong64-glibc/-/linux-loong64-glibc-0.57.1.tgz",
      "integrity": "sha512-wJzcOgHM8nekLY8Dr1nJGyseKjV6gMfuVS54d+g6PH0cw2sE0Zg2sT2Y6tJQK4tTTZBUrunIf+ZsG4lsbCc+MA==",
      "cpu": [
        "loong64"
      ],
      "dev": true,
      "libc": [
        "glibc"
      ],
      "license": "MIT",
      "optional": true,
      "os": [
        "linux"
      ]
    },
    "node_modules/@dprint/linux-loong64-musl": {
      "version": "0.57.1",
      "resolved": "https://registry.npmjs.org/@dprint/linux-loong64-musl/-/linux-loong64-musl-0.57.1.tgz",
      "integrity": "sha512-SfFuDt1BtnQ/YIhX1aRqXFDGSHkRSLtgs0VxATOlzu2KEu/ormOHfMabv4Fp6DzAS8V4Ti8smeIVaGy/ufCLzg==",
      "cpu": [
        "loong64"
      ],
      "dev": true,
      "libc": [
        "musl"
      ],
      "license": "MIT",
      "optional": true,
      "os": [
        "linux"
      ]
    },
    "node_modules/@dprint/linux-ppc64-glibc": {
      "version": "0.57.1",
      "resolved": "https://registry.npmjs.org/@dprint/linux-ppc64-glibc/-/linux-ppc64-glibc-0.57.1.tgz",
      "integrity": "sha512-L6inHs05D2nq4Jv7tLoAJeKJn9R7QcI8aM/gLw7X1sQde8MeU8M4XWDejBVcMa6DnZtvW6xBoWdAVIX6pdq25g==",
      "cpu": [
        "ppc64"
      ],
      "dev": true,
      "libc": [
        "glibc"
      ],
      "license": "MIT",
      "optional": true,
      "os": [
        "linux"
      ]
    },
    "node_modules/@dprint/linux-ppc64-musl": {
      "version": "0.57.1",
      "resolved": "https://registry.npmjs.org/@dprint/linux-ppc64-musl/-/linux-ppc64-musl-0.57.1.tgz",
      "integrity": "sha512-SF8vGoBhrI/32NurQ+E8HxTbH8UmU+YrYyQWS/WBo7Xd8SFVyQ/w7ynEVGBW6dt++hgwaRgElusss1AK511MGg==",
      "cpu": [
        "ppc64"
      ],
      "dev": true,
      "libc": [
        "musl"
      ],
      "license": "MIT",
      "optional": true,
      "os": [
        "linux"
      ]
    },
    "node_modules/@dprint/linux-riscv64-glibc": {
      "version": "0.57.1",
      "resolved": "https://registry.npmjs.org/@dprint/linux-riscv64-glibc/-/linux-riscv64-glibc-0.57.1.tgz",
      "integrity": "sha512-vzrHAOTvFZG/2lzK9X2zGr1iCtPe/8AGnr6NJfLqvXz2SWOq8++BMIg1vDyepALWGRwwm4BpzQ6HXpw1msJRGw==",
      "cpu": [
        "riscv64"
      ],
      "dev": true,
      "libc": [
        "glibc"
      ],
      "license": "MIT",
      "optional": true,
      "os": [
        "linux"
      ]
    },
    "node_modules/@dprint/linux-x64-glibc": {
      "version": "0.57.1",
      "resolved": "https://registry.npmjs.org/@dprint/linux-x64-glibc/-/linux-x64-glibc-0.57.1.tgz",
      "integrity": "sha512-I0wN9IC0EAJsjTcK9OA9rMRoy7YvlGSrKQRe/ovJbFydfH9/+URAdmpKKTJB2kgtfqNQo19svc6JvR+21qF1Vg==",
      "cpu": [
        "x64"
      ],
      "dev": true,
      "libc": [
        "glibc"
      ],
      "license": "MIT",
      "optional": true,
      "os": [
        "linux"
      ]
    },
    "node_modules/@dprint/linux-x64-musl": {
      "version": "0.57.1",
      "resolved": "https://registry.npmjs.org/@dprint/linux-x64-musl/-/linux-x64-musl-0.57.1.tgz",
      "integrity": "sha512-ScD2Ybk2lAqCBUVstxyFC6+ebA+KYBgp6cYyjWAiJNQrib0vYaXa5vuAoMLP+zMX5rYuYfQdykQUsz2rokYwhA==",
      "cpu": [
        "x64"
      ],
      "dev": true,
      "libc": [
        "musl"
      ],
      "license": "MIT",
      "optional": true,
      "os": [
        "linux"
      ]
    },
    "node_modules/@dprint/win32-arm64": {
      "version": "0.57.1",
      "resolved": "https://registry.npmjs.org/@dprint/win32-arm64/-/win32-arm64-0.57.1.tgz",
      "integrity": "sha512-A0dx41rmeE1+RLmzzGYlVX1GKrU2CFmDT3dxR38ayYQYPLIJIUIGadTYsJmpinqRUUdJauCLIOUOU2OJRC6D+Q==",
      "cpu": [
        "arm64"
      ],
      "dev": true,
      "license": "MIT",
      "optional": true,
      "os": [
        "win32"
      ]
    },
    "node_modules/@dprint/win32-x64": {
      "version": "0.57.1",
      "resolved": "https://registry.npmjs.org/@dprint/win32-x64/-/win32-x64-0.57.1.tgz",
      "integrity": "sha512-Tq2YkN41cXHBNHNuSTevo1QQ2qj6DbvW1bDDkusad1XA3tSuiedudFqLe1QV7W1n0369ofG6N36zJuGKJKWz2Q==",
      "cpu": [
        "x64"
      ],
      "dev": true,
      "license": "MIT",
      "optional": true,
      "os": [
        "win32"
      ]
    },
    "node_modules/ajv": {
      "version": "8.20.0",
      "resolved": "https://registry.npmjs.org/ajv/-/ajv-8.20.0.tgz",
      "integrity": "sha512-Thbli+OlOj+iMPYFBVBfJ3OmCAnaSyNn4M1vz9T6Gka5Jt9ba/HIR56joy65tY6kx/FCF5VXNB819Y7/GUrBGA==",
      "dev": true,
      "license": "MIT",
      "dependencies": {
        "fast-deep-equal": "^3.1.3",
        "fast-uri": "^3.0.1",
        "json-schema-traverse": "^1.0.0",
        "require-from-string": "^2.0.2"
      },
      "funding": {
        "type": "github",
        "url": "https://github.com/sponsors/epoberezkin"
      }
    },
    "node_modules/ajv-formats": {
      "version": "3.0.1",
      "resolved": "https://registry.npmjs.org/ajv-formats/-/ajv-formats-3.0.1.tgz",
      "integrity": "sha512-8iUql50EUR+uUcdRQ3HDqa6EVyo3docL8g5WJ3FNcWmu62IbkGUue/pEyLBW8VGKKucTPgqeks4fIU1DA4yowQ==",
      "dev": true,
      "license": "MIT",
      "dependencies": {
        "ajv": "^8.0.0"
      },
      "peerDependencies": {
        "ajv": "^8.0.0"
      },
      "peerDependenciesMeta": {
        "ajv": {
          "optional": true
        }
      }
    },
    "node_modules/dprint": {
      "version": "0.57.1",
      "resolved": "https://registry.npmjs.org/dprint/-/dprint-0.57.1.tgz",
      "integrity": "sha512-djAJgsVkqMOdSDkvw2Q519Bn9G9+TjrO8fa4kl4sW9ZsjAzWzEc87+ADjxn7njgWdF377EHKtrWS9U/IPJUl2w==",
      "dev": true,
      "hasInstallScript": true,
      "license": "MIT",
      "bin": {
        "dprint": "bin.cjs"
      },
      "optionalDependencies": {
        "@dprint/android-arm64": "0.57.1",
        "@dprint/android-x64": "0.57.1",
        "@dprint/darwin-arm64": "0.57.1",
        "@dprint/darwin-x64": "0.57.1",
        "@dprint/linux-arm64-glibc": "0.57.1",
        "@dprint/linux-arm64-musl": "0.57.1",
        "@dprint/linux-loong64-glibc": "0.57.1",
        "@dprint/linux-loong64-musl": "0.57.1",
        "@dprint/linux-ppc64-glibc": "0.57.1",
        "@dprint/linux-ppc64-musl": "0.57.1",
        "@dprint/linux-riscv64-glibc": "0.57.1",
        "@dprint/linux-x64-glibc": "0.57.1",
        "@dprint/linux-x64-musl": "0.57.1",
        "@dprint/win32-arm64": "0.57.1",
        "@dprint/win32-x64": "0.57.1"
      }
    },
    "node_modules/fast-deep-equal": {
      "version": "3.1.3",
      "resolved": "https://registry.npmjs.org/fast-deep-equal/-/fast-deep-equal-3.1.3.tgz",
      "integrity": "sha512-f3qQ9oQy9j2AhBe/H9VC91wLmKBCCU/gDOnKNAYG5hswO7BLKj09Hc5HYNz9cGI++xlpDCIgDaitVs03ATR84Q==",
      "dev": true,
      "license": "MIT"
    },
    "node_modules/fast-uri": {
      "version": "3.1.5",
      "resolved": "https://registry.npmjs.org/fast-uri/-/fast-uri-3.1.5.tgz",
      "integrity": "sha512-gHwA1O9LDIcKunMKhObS/HimwtehO1nPUECKAu5TpKgaO19fcWEl4bliWe1jWxVFvIXztJjjQ4L8XQ1EU9f7Jw==",
      "dev": true,
      "funding": [
        {
          "type": "github",
          "url": "https://github.com/sponsors/fastify"
        },
        {
          "type": "opencollective",
          "url": "https://opencollective.com/fastify"
        }
      ],
      "license": "BSD-3-Clause"
    },
    "node_modules/json-schema-traverse": {
      "version": "1.0.0",
      "resolved": "https://registry.npmjs.org/json-schema-traverse/-/json-schema-traverse-1.0.0.tgz",
      "integrity": "sha512-NM8/P9n3XjXhIZn1lLhkFaACTOURQXjWhV4BA/RnOv8xvgqtqpAX9IO4mRQxSx1Rlo4tqzeqb0sOlruaOy3dug==",
      "dev": true,
      "license": "MIT"
    },
    "node_modules/require-from-string": {
      "version": "2.0.2",
      "resolved": "https://registry.npmjs.org/require-from-string/-/require-from-string-2.0.2.tgz",
      "integrity": "sha512-Xf0nWe6RseziFMu+Ap9biiUbmplq6S9/p+7w7YXP/JBHhrUDDUhwa+vANyubuqfZWTveU//DYVGsDG7RKL/vEw==",
      "dev": true,
      "license": "MIT",
      "engines": {
        "node": ">=0.10.0"
      }
    }
  }
}
